
Microsoft Visual Studio Solution File, Format Version 12.00
# Visual Studio Version 17
VisualStudioVersion = 17.11.35327.3
MinimumVisualStudioVersion = 10.0.40219.1
Project("{9A19103F-16F7-4668-BE54-9A1E7A4F7556}") = "SkyNET.FrameworkCore", "SkyNET.FrameworkCore.csproj", "{FA96E0EE-B627-4801-B52E-C33F7EAED5AF}"
EndProject
Global
	GlobalSection(SolutionConfigurationPlatforms) = preSolution
		Debug|Any CPU = Debug|Any CPU
		Release|Any CPU = Release|Any CPU
	EndGlobalSection
	GlobalSection(ProjectConfigurationPlatforms) = postSolution
		{FA96E0EE-B627-4801-B52E-C33F7EAED5AF}.Debug|Any CPU.ActiveCfg = Debug|Any CPU
		{FA96E0EE-B627-4801-B52E-C33F7EAED5AF}.Debug|Any CPU.Build.0 = Debug|Any CPU
		{FA96E0EE-B627-4801-B52E-C33F7EAED5AF}.Release|Any CPU.ActiveCfg = Release|Any CPU
		{FA96E0EE-B627-4801-B52E-C33F7EAED5AF}.Release|Any CPU.Build.0 = Release|Any CPU
	EndGlobalSection
	GlobalSection(SolutionProperties) = preSolution
		HideSolutionNode = FALSE
	EndGlobalSection
	GlobalSection(ExtensibilityGlobals) = postSolution
		SolutionGuid = {C29330A9-BFC6-486E-A877-8453779A79B0}
	EndGlobalSection
EndGlobal
